// !$*UTF8*$!
{
	archiveVersion = 1;
	classes = {
	};
	objectVersion = 46;
	objects = {

/* Begin PBXBuildFile section */
		5A3593331F4C330000BC2240 /* AppDelegate.swift in Sources */ = {isa = PBXBuildFile; fileRef = 5A3593321F4C330000BC2240 /* AppDelegate.swift */; };
		5A3593351F4C330000BC2240 /* ViewController.swift in Sources */ = {isa = PBXBuildFile; fileRef = 5A3593341F4C330000BC2240 /* ViewController.swift */; };
		5A3593381F4C330000BC2240 /* Main.storyboard in Resources */ = {isa = PBXBuildFile; fileRef = 5A3593361F4C330000BC2240 /* Main.storyboard */; };
		5A35933B1F4C330000BC2240 /* PokemonGo.xcdatamodeld in Sources */ = {isa = PBXBuildFile; fileRef = 5A3593391F4C330000BC2240 /* PokemonGo.xcdatamodeld */; };
		5A35933D1F4C330000BC2240 /* Assets.xcassets in Resources */ = {isa = PBXBuildFile; fileRef = 5A35933C1F4C330000BC2240 /* Assets.xcassets */; };
		5A3593401F4C330000BC2240 /* LaunchScreen.storyboard in Resources */ = {isa = PBXBuildFile; fileRef = 5A35933E1F4C330000BC2240 /* LaunchScreen.storyboard */; };
		5A35934B1F4C330100BC2240 /* PokemonGoTests.swift in Sources */ = {isa = PBXBuildFile; fileRef = 5A35934A1F4C330100BC2240 /* PokemonGoTests.swift */; };
		5A3593561F4C330100BC2240 /* PokemonGoUITests.swift in Sources */ = {isa = PBXBuildFile; fileRef = 5A3593551F4C330100BC2240 /* PokemonGoUITests.swift */; };
/* End PBXBuildFile section */

/* Begin PBXContainerItemProxy section */
		5A3593471F4C330100BC2240 /* PBXContainerItemProxy */ = {
			isa = PBXContainerItemProxy;
			containerPortal = 5A3593271F4C330000BC2240 /* Project object */;
			proxyType = 1;
			remoteGlobalIDString = 5A35932E1F4C330000BC2240;
			remoteInfo = PokemonGo;
		};
		5A3593521F4C330100BC2240 /* PBXContainerItemProxy */ = {
			isa = PBXContainerItemProxy;
			containerPortal = 5A3593271F4C330000BC2240 /* Project object */;
			proxyType = 1;
			remoteGlobalIDString = 5A35932E1F4C330000BC2240;
			remoteInfo = PokemonGo;
		};
/* End PBXContainerItemProxy section */

/* Begin PBXFileReference section */
		5A35932F1F4C330000BC2240 /* PokemonGo.app */ = {isa = PBXFileReference; explicitFileType = wrapper.application; includeInIndex = 0; path = PokemonGo.app; sourceTree = BUILT_PRODUCTS_DIR; };
		5A3593321F4C330000BC2240 /* AppDelegate.swift */ = {isa = PBXFileReference; lastKnownFileType = sourcecode.swift; path = AppDelegate.swift; sourceTree = "<group>"; };
		5A3593341F4C330000BC2240 /* ViewController.swift */ = {isa = PBXFileReference; lastKnownFileType = sourcecode.swift; path = ViewController.swift; sourceTree = "<group>"; };
		5A3593371F4C330000BC2240 /* Base */ = {isa = PBXFileReference; lastKnownFileType = file.storyboard; name = Base; path = Base.lproj/Main.storyboard; sourceTree = "<group>"; };
		5A35933A1F4C330000BC2240 /* PokemonGo.xcdatamodel */ = {isa = PBXFileReference; lastKnownFileType = wrapper.xcdatamodel; path = PokemonGo.xcdatamodel; sourceTree = "<group>"; };
		5A35933C1F4C330000BC2240 /* Assets.xcassets */ = {isa = PBXFileReference; lastKnownFileType = folder.assetcatalog; path = Assets.xcassets; sourceTree = "<group>"; };
		5A35933F1F4C330000BC2240 /* Base */ = {isa = PBXFileReference; lastKnownFileType = file.storyboard; name = Base; path = Base.lproj/LaunchScreen.storyboard; sourceTree = "<group>"; };
		5A3593411F4C330000BC2240 /* Info.plist */ = {isa = PBXFileReference; lastKnownFileType = text.plist.xml; path = Info.plist; sourceTree = "<group>"; };
		5A3593461F4C330100BC2240 /* PokemonGoTests.xctest */ = {isa = PBXFileReference; explicitFileType = wrapper.cfbundle; includeInIndex = 0; path = PokemonGoTests.xctest; sourceTree = BUILT_PRODUCTS_DIR; };
		5A35934A1F4C330100BC2240 /* PokemonGoTests.swift */ = {isa = PBXFileReference; lastKnownFileType = sourcecode.swift; path = PokemonGoTests.swift; sourceTree = "<group>"; };
		5A35934C1F4C330100BC2240 /* Info.plist */ = {isa = PBXFileReference; lastKnownFileType = text.plist.xml; path = Info.plist; sourceTree = "<group>"; };
		5A3593511F4C330100BC2240 /* PokemonGoUITests.xctest */ = {isa = PBXFileReference; explicitFileType = wrapper.cfbundle; includeInIndex = 0; path = PokemonGoUITests.xctest; sourceTree = BUILT_PRODUCTS_DIR; };
		5A3593551F4C330100BC2240 /* PokemonGoUITests.swift */ = {isa = PBXFileReference; lastKnownFileType = sourcecode.swift; path = PokemonGoUITests.swift; sourceTree = "<group>"; };
		5A3593571F4C330100BC2240 /* Info.plist */ = {isa = PBXFileReference; lastKnownFileType = text.plist.xml; path = Info.plist; sourceTree = "<group>"; };
/* End PBXFileReference section */

/* Begin PBXFrameworksBuildPhase section */
		5A35932C1F4C330000BC2240 /* Frameworks */ = {
			isa = PBXFrameworksBuildPhase;
			buildActionMask = 2147483647;
			files = (
			);
			runOnlyForDeploymentPostprocessing = 0;
		};
		5A3593431F4C330100BC2240 /* Frameworks */ = {
			isa = PBXFrameworksBuildPhase;
			buildActionMask = 2147483647;
			files = (
			);
			runOnlyForDeploymentPostprocessing = 0;
		};
		5A35934E1F4C330100BC2240 /* Frameworks */ = {
			isa = PBXFrameworksBuildPhase;
			buildActionMask = 2147483647;
			files = (
			);
			runOnlyForDeploymentPostprocessing = 0;
		};
/* End PBXFrameworksBuildPhase section */

/* Begin PBXGroup section */
		5A3593261F4C330000BC2240 = {
			isa = PBXGroup;
			children = (
				5A3593311F4C330000BC2240 /* PokemonGo */,
				5A3593491F4C330100BC2240 /* PokemonGoTests */,
				5A3593541F4C330100BC2240 /* PokemonGoUITests */,
				5A3593301F4C330000BC2240 /* Products */,
			);
			sourceTree = "<group>";
		};
		5A3593301F4C330000BC2240 /* Products */ = {
			isa = PBXGroup;
			children = (
				5A35932F1F4C330000BC2240 /* PokemonGo.app */,
				5A3593461F4C330100BC2240 /* PokemonGoTests.xctest */,
				5A3593511F4C330100BC2240 /* PokemonGoUITests.xctest */,
			);
			name = Products;
			sourceTree = "<group>";
		};
		5A3593311F4C330000BC2240 /* PokemonGo */ = {
			isa = PBXGroup;
			children = (
				5A3593321F4C330000BC2240 /* AppDelegate.swift */,
				5A3593341F4C330000BC2240 /* ViewController.swift */,
				5A3593361F4C330000BC2240 /* Main.storyboard */,
				5A35933C1F4C330000BC2240 /* Assets.xcassets */,
				5A35933E1F4C330000BC2240 /* LaunchScreen.storyboard */,
				5A3593411F4C330000BC2240 /* Info.plist */,
				5A3593391F4C330000BC2240 /* PokemonGo.xcdatamodeld */,
			);
			path = PokemonGo;
			sourceTree = "<group>";
		};
		5A3593491F4C330100BC2240 /* PokemonGoTests */ = {
			isa = PBXGroup;
			children = (
				5A35934A1F4C330100BC2240 /* PokemonGoTests.swift */,
				5A35934C1F4C330100BC2240 /* Info.plist */,
			);
			path = PokemonGoTests;
			sourceTree = "<group>";
		};
		5A3593541F4C330100BC2240 /* PokemonGoUITests */ = {
			isa = PBXGroup;
			children = (
				5A3593551F4C330100BC2240 /* PokemonGoUITests.swift */,
				5A3593571F4C330100BC2240 /* Info.plist */,
			);
			path = PokemonGoUITests;
			sourceTree = "<group>";
		};
/* End PBXGroup section */

/* Begin PBXNativeTarget section */
		5A35932E1F4C330000BC2240 /* PokemonGo */ = {
			isa = PBXNativeTarget;
			buildConfigurationList = 5A35935A1F4C330100BC2240 /* Build configuration list for PBXNativeTarget "PokemonGo" */;
			buildPhases = (
				5A35932B1F4C330000BC2240 /* Sources */,
				5A35932C1F4C330000BC2240 /* Frameworks */,
				5A35932D1F4C330000BC2240 /* Resources */,
			);
			buildRules = (
			);
			dependencies = (
			);
			name = PokemonGo;
			productName = PokemonGo;
			productReference = 5A35932F1F4C330000BC2240 /* PokemonGo.app */;
			productType = "com.apple.product-type.application";
		};
		5A3593451F4C330100BC2240 /* PokemonGoTests */ = {
			isa = PBXNativeTarget;
			buildConfigurationList = 5A35935D1F4C330100BC2240 /* Build configuration list for PBXNativeTarget "PokemonGoTests" */;
			buildPhases = (
				5A3593421F4C330100BC2240 /* Sources */,
				5A3593431F4C330100BC2240 /* Frameworks */,
				5A3593441F4C330100BC2240 /* Resources */,
			);
			buildRules = (
			);
			dependencies = (
				5A3593481F4C330100BC2240 /* PBXTargetDependency */,
			);
			name = PokemonGoTests;
			productName = PokemonGoTests;
			productReference = 5A3593461F4C330100BC2240 /* PokemonGoTests.xctest */;
			productType = "com.apple.product-type.bundle.unit-test";
		};
		5A3593501F4C330100BC2240 /* PokemonGoUITests */ = {
			isa = PBXNativeTarget;
			buildConfigurationList = 5A3593601F4C330100BC2240 /* Build configuration list for PBXNativeTarget "PokemonGoUITests" */;
			buildPhases = (
				5A35934D1F4C330100BC2240 /* Sources */,
				5A35934E1F4C330100BC2240 /* Frameworks */,
				5A35934F1F4C330100BC2240 /* Resources */,
			);
			buildRules = (
			);
			dependencies = (
				5A3593531F4C330100BC2240 /* PBXTargetDependency */,
			);
			name = PokemonGoUITests;
			productName = PokemonGoUITests;
			productReference = 5A3593511F4C330100BC2240 /* PokemonGoUITests.xctest */;
			productType = "com.apple.product-type.bundle.ui-testing";
		};
/* End PBXNativeTarget section */

/* Begin PBXProject section */
		5A3593271F4C330000BC2240 /* Project object */ = {
			isa = PBXProject;
			attributes = {
				LastSwiftUpdateCheck = 0830;
				LastUpgradeCheck = 0830;
				ORGANIZATIONNAME = "Omri Shalev";
				TargetAttributes = {
					5A35932E1F4C330000BC2240 = {
						CreatedOnToolsVersion = 8.3.3;
						DevelopmentTeam = 77ZCVN8VS2;
						ProvisioningStyle = Automatic;
					};
					5A3593451F4C330100BC2240 = {
						CreatedOnToolsVersion = 8.3.3;
						DevelopmentTeam = 77ZCVN8VS2;
						ProvisioningStyle = Automatic;
						TestTargetID = 5A35932E1F4C330000BC2240;
					};
					5A3593501F4C330100BC2240 = {
						CreatedOnToolsVersion = 8.3.3;
						DevelopmentTeam = 77ZCVN8VS2;
						ProvisioningStyle = Automatic;
						TestTargetID = 5A35932E1F4C330000BC2240;
					};
				};
			};
			buildConfigurationList = 5A35932A1F4C330000BC2240 /* Build configuration list for PBXProject "PokemonGo" */;
			compatibilityVersion = "Xcode 3.2";
			developmentRegion = English;
			hasScannedForEncodings = 0;
			knownRegions = (
				en,
				Base,
			);
			mainGroup = 5A3593261F4C330000BC2240;
			productRefGroup = 5A3593301F4C330000BC2240 /* Products */;
			projectDirPath = "";
			projectRoot = "";
			targets = (
				5A35932E1F4C330000BC2240 /* PokemonGo */,
				5A3593451F4C330100BC2240 /* PokemonGoTests */,
				5A3593501F4C330100BC2240 /* PokemonGoUITests */,
			);
		};
/* End PBXProject section */

/* Begin PBXResourcesBuildPhase section */
		5A35932D1F4C330000BC2240 /* Resources */ = {
			isa = PBXResourcesBuildPhase;
			buildActionMask = 2147483647;
			files = (
				5A3593401F4C330000BC2240 /* LaunchScreen.storyboard in Resources */,
				5A35933D1F4C330000BC2240 /* Assets.xcassets in Resources */,
				5A3593381F4C330000BC2240 /* Main.storyboard in Resources */,
			);
			runOnlyForDeploymentPostprocessing = 0;
		};
		5A3593441F4C330100BC2240 /* Resources */ = {
			isa = PBXResourcesBuildPhase;
			buildActionMask = 2147483647;
			files = (
			);
			runOnlyForDeploymentPostprocessing = 0;
		};
		5A35934F1F4C330100BC2240 /* Resources */ = {
			isa = PBXResourcesBuildPhase;
			buildActionMask = 2147483647;
			files = (
			);
			runOnlyForDeploymentPostprocessing = 0;
		};
/* End PBXResourcesBuildPhase section */

/* Begin PBXSourcesBuildPhase section */
		5A35932B1F4C330000BC2240 /* Sources */ = {
			isa = PBXSourcesBuildPhase;
			buildActionMask = 2147483647;
			files = (
				5A3593351F4C330000BC2240 /* ViewController.swift in Sources */,
				5A3593331F4C330000BC2240 /* AppDelegate.swift in Sources */,
				5A35933B1F4C330000BC2240 /* PokemonGo.xcdatamodeld in Sources */,
			);
			runOnlyForDeploymentPostprocessing = 0;
		};
		5A3593421F4C330100BC2240 /* Sources */ = {
			isa = PBXSourcesBuildPhase;
			buildActionMask = 2147483647;
			files = (
				5A35934B1F4C330100BC2240 /* PokemonGoTests.swift in Sources */,
			);
			runOnlyForDeploymentPostprocessing = 0;
		};
		5A35934D1F4C330100BC2240 /* Sources */ = {
			isa = PBXSourcesBuildPhase;
			buildActionMask = 2147483647;
			files = (
				5A3593561F4C330100BC2240 /* PokemonGoUITests.swift in Sources */,
			);
			runOnlyForDeploymentPostprocessing = 0;
		};
/* End PBXSourcesBuildPhase section */

/* Begin PBXTargetDependency section */
		5A3593481F4C330100BC2240 /* PBXTargetDependency */ = {
			isa = PBXTargetDependency;
			target = 5A35932E1F4C330000BC2240 /* PokemonGo */;
			targetProxy = 5A3593471F4C330100BC2240 /* PBXContainerItemProxy */;
		};
		5A3593531F4C330100BC2240 /* PBXTargetDependency */ = {
			isa = PBXTargetDependency;
			target = 5A35932E1F4C330000BC2240 /* PokemonGo */;
			targetProxy = 5A3593521F4C330100BC2240 /* PBXContainerItemProxy */;
		};
/* End PBXTargetDependency section */

/* Begin PBXVariantGroup section */
		5A3593361F4C330000BC2240 /* Main.storyboard */ = {
			isa = PBXVariantGroup;
			children = (
				5A3593371F4C330000BC2240 /* Base */,
			);
			name = Main.storyboard;
			sourceTree = "<group>";
		};
		5A35933E1F4C330000BC2240 /* LaunchScreen.storyboard */ = {
			isa = PBXVariantGroup;
			children = (
				5A35933F1F4C330000BC2240 /* Base */,
			);
			name = LaunchScreen.storyboard;
			sourceTree = "<group>";
		};
/* End PBXVariantGroup section */

/* Begin XCBuildConfiguration section */
		5A3593581F4C330100BC2240 /* Debug */ = {
			isa = XCBuildConfiguration;
			buildSettings = {
				ALWAYS_SEARCH_USER_PATHS = NO;
				CLANG_ANALYZER_NONNULL = YES;
				CLANG_ANALYZER_NUMBER_OBJECT_CONVERSION = YES_AGGRESSIVE;
				CLANG_CXX_LANGUAGE_STANDARD = "gnu++0x";
				CLANG_CXX_LIBRARY = "libc++";
				CLANG_ENABLE_MODULES = YES;
				CLANG_ENABLE_OBJC_ARC = YES;
				CLANG_WARN_BOOL_CONVERSION = YES;
				CLANG_WARN_CONSTANT_CONVERSION = YES;
				CLANG_WARN_DIRECT_OBJC_ISA_USAGE = YES_ERROR;
				CLANG_WARN_DOCUMENTATION_COMMENTS = YES;
				CLANG_WARN_EMPTY_BODY = YES;
				CLANG_WARN_ENUM_CONVERSION = YES;
				CLANG_WARN_INFINITE_RECURSION = YES;
				CLANG_WARN_INT_CONVERSION = YES;
				CLANG_WARN_OBJC_ROOT_CLASS = YES_ERROR;
				CLANG_WARN_SUSPICIOUS_MOVE = YES;
				CLANG_WARN_UNREACHABLE_CODE = YES;
				CLANG_WARN__DUPLICATE_METHOD_MATCH = YES;
				"CODE_SIGN_IDENTITY[sdk=iphoneos*]" = "iPhone Developer";
				COPY_PHASE_STRIP = NO;
				DEBUG_INFORMATION_FORMAT = dwarf;
				ENABLE_STRICT_OBJC_MSGSEND = YES;
				ENABLE_TESTABILITY = YES;
				GCC_C_LANGUAGE_STANDARD = gnu99;
				GCC_DYNAMIC_NO_PIC = NO;
				GCC_NO_COMMON_BLOCKS = YES;
				GCC_OPTIMIZATION_LEVEL = 0;
				GCC_PREPROCESSOR_DEFINITIONS = (
					"DEBUG=1",
					"$(inherited)",
				);
				GCC_WARN_64_TO_32_BIT_CONVERSION = YES;
				GCC_WARN_ABOUT_RETURN_TYPE = YES_ERROR;
				GCC_WARN_UNDECLARED_SELECTOR = YES;
				GCC_WARN_UNINITIALIZED_AUTOS = YES_AGGRESSIVE;
				GCC_WARN_UNUSED_FUNCTION = YES;
				GCC_WARN_UNUSED_VARIABLE = YES;
				IPHONEOS_DEPLOYMENT_TARGET = 10.3;
				MTL_ENABLE_DEBUG_INFO = YES;
				ONLY_ACTIVE_ARCH = YES;
				SDKROOT = iphoneos;
				SWIFT_ACTIVE_COMPILATION_CONDITIONS = DEBUG;
				SWIFT_OPTIMIZATION_LEVEL = "-Onone";
				TARGETED_DEVICE_FAMILY = "1,2";
			};
			name = Debug;
		};
		5A3593591F4C330100BC2240 /* Release */ = {
			isa = XCBuildConfiguration;
			buildSettings = {
				ALWAYS_SEARCH_USER_PATHS = NO;
				CLANG_ANALYZER_NONNULL = YES;
				CLANG_ANALYZER_NUMBER_OBJECT_CONVERSION = YES_AGGRESSIVE;
				CLANG_CXX_LANGUAGE_STANDARD = "gnu++0x";
				CLANG_CXX_LIBRARY = "libc++";
				CLANG_ENABLE_MODULES = YES;
				CLANG_ENABLE_OBJC_ARC = YES;
				CLANG_WARN_BOOL_CONVERSION = YES;
				CLANG_WARN_CONSTANT_CONVERSION = YES;
				CLANG_WARN_DIRECT_OBJC_ISA_USAGE = YES_ERROR;
				CLANG_WARN_DOCUMENTATION_COMMENTS = YES;
				CLANG_WARN_EMPTY_BODY = YES;
				CLANG_WARN_ENUM_CONVERSION = YES;
				CLANG_WARN_INFINITE_RECURSION = YES;
				CLANG_WARN_INT_CONVERSION = YES;
				CLANG_WARN_OBJC_ROOT_CLASS = YES_ERROR;
				CLANG_WARN_SUSPICIOUS_MOVE = YES;
				CLANG_WARN_UNREACHABLE_CODE = YES;
				CLANG_WARN__DUPLICATE_METHOD_MATCH = YES;
				"CODE_SIGN_IDENTITY[sdk=iphoneos*]" = "iPhone Developer";
				COPY_PHASE_STRIP = NO;
				DEBUG_INFORMATION_FORMAT = "dwarf-with-dsym";
				ENABLE_NS_ASSERTIONS = NO;
				ENABLE_STRICT_OBJC_MSGSEND = YES;
				GCC_C_LANGUAGE_STANDARD = gnu99;
				GCC_NO_COMMON_BLOCKS = YES;
				GCC_WARN_64_TO_32_BIT_CONVERSION = YES;
				GCC_WARN_ABOUT_RETURN_TYPE = YES_ERROR;
				GCC_WARN_UNDECLARED_SELECTOR = YES;
				GCC_WARN_UNINITIALIZED_AUTOS = YES_AGGRESSIVE;
				GCC_WARN_UNUSED_FUNCTION = YES;
				GCC_WARN_UNUSED_VARIABLE = YES;
				IPHONEOS_DEPLOYMENT_TARGET = 10.3;
				MTL_ENABLE_DEBUG_INFO = NO;
				SDKROOT = iphoneos;
				SWIFT_OPTIMIZATION_LEVEL = "-Owholemodule";
				TARGETED_DEVICE_FAMILY = "1,2";
				VALIDATE_PRODUCT = YES;
			};
			name = Release;
		};
		5A35935B1F4C330100BC2240 /* Debug */ = {
			isa = XCBuildConfiguration;
			buildSettings = {
				ASSETCATALOG_COMPILER_APPICON_NAME = AppIcon;
				DEVELOPMENT_TEAM = 77ZCVN8VS2;
				INFOPLIST_FILE = PokemonGo/Info.plist;
				LD_RUNPATH_SEARCH_PATHS = "$(inherited) @executable_path/Frameworks";
				PRODUCT_BUNDLE_IDENTIFIER = omri.king.PokemonGo;
				PRODUCT_NAME = "$(TARGET_NAME)";
				SWIFT_VERSION = 3.0;
			};
			name = Debug;
		};
		5A35935C1F4C330100BC2240 /* Release */ = {
			isa = XCBuildConfiguration;
			buildSettings = {
				ASSETCATALOG_COMPILER_APPICON_NAME = AppIcon;
				DEVELOPMENT_TEAM = 77ZCVN8VS2;
				INFOPLIST_FILE = PokemonGo/Info.plist;
				LD_RUNPATH_SEARCH_PATHS = "$(inherited) @executable_path/Frameworks";
				PRODUCT_BUNDLE_IDENTIFIER = omri.king.PokemonGo;
				PRODUCT_NAME = "$(TARGET_NAME)";
				SWIFT_VERSION = 3.0;
			};
			name = Release;
		};
		5A35935E1F4C330100BC2240 /* Debug */ = {
			isa = XCBuildConfiguration;
			buildSettings = {
				ALWAYS_EMBED_SWIFT_STANDARD_LIBRARIES = YES;
				BUNDLE_LOADER = "$(TEST_HOST)";
				DEVELOPMENT_TEAM = 77ZCVN8VS2;
				INFOPLIST_FILE = PokemonGoTests/Info.plist;
				LD_RUNPATH_SEARCH_PATHS = "$(inherited) @executable_path/Frameworks @loader_path/Frameworks";
				PRODUCT_BUNDLE_IDENTIFIER = omri.king.PokemonGoTests;
				PRODUCT_NAME = "$(TARGET_NAME)";
				SWIFT_VERSION = 3.0;
				TEST_HOST = "$(BUILT_PRODUCTS_DIR)/PokemonGo.app/PokemonGo";
			};
			name = Debug;
		};
		5A35935F1F4C330100BC2240 /* Release */ = {
			isa = XCBuildConfiguration;
			buildSettings = {
				ALWAYS_EMBED_SWIFT_STANDARD_LIBRARIES = YES;
				BUNDLE_LOADER = "$(TEST_HOST)";
				DEVELOPMENT_TEAM = 77ZCVN8VS2;
				INFOPLIST_FILE = PokemonGoTests/Info.plist;
				LD_RUNPATH_SEARCH_PATHS = "$(inherited) @executable_path/Frameworks @loader_path/Frameworks";
				PRODUCT_BUNDLE_IDENTIFIER = omri.king.PokemonGoTests;
				PRODUCT_NAME = "$(TARGET_NAME)";
				SWIFT_VERSION = 3.0;
				TEST_HOST = "$(BUILT_PRODUCTS_DIR)/PokemonGo.app/PokemonGo";
			};
			name = Release;
		};
		5A3593611F4C330100BC2240 /* Debug */ = {
			isa = XCBuildConfiguration;
			buildSettings = {
				ALWAYS_EMBED_SWIFT_STANDARD_LIBRARIES = YES;
				DEVELOPMENT_TEAM = 77ZCVN8VS2;
				INFOPLIST_FILE = PokemonGoUITests/Info.plist;
				LD_RUNPATH_SEARCH_PATHS = "$(inherited) @executable_path/Frameworks @loader_path/Frameworks";
				PRODUCT_BUNDLE_IDENTIFIER = omri.king.PokemonGoUITests;
				PRODUCT_NAME = "$(TARGET_NAME)";
				SWIFT_VERSION = 3.0;
				TEST_TARGET_NAME = PokemonGo;
			};
			name = Debug;
		};
		5A3593621F4C330100BC2240 /* Release */ = {
			isa = XCBuildConfiguration;
			buildSettings = {
				ALWAYS_EMBED_SWIFT_STANDARD_LIBRARIES = YES;
				DEVELOPMENT_TEAM = 77ZCVN8VS2;
				INFOPLIST_FILE = PokemonGoUITests/Info.plist;
				LD_RUNPATH_SEARCH_PATHS = "$(inherited) @executable_path/Frameworks @loader_path/Frameworks";
				PRODUCT_BUNDLE_IDENTIFIER = omri.king.PokemonGoUITests;
				PRODUCT_NAME = "$(TARGET_NAME)";
				SWIFT_VERSION = 3.0;
				TEST_TARGET_NAME = PokemonGo;
			};
			name = Release;
		};
/* End XCBuildConfiguration section */

/* Begin XCConfigurationList section */
		5A35932A1F4C330000BC2240 /* Build configuration list for PBXProject "PokemonGo" */ = {
			isa = XCConfigurationList;
			buildConfigurations = (
				5A3593581F4C330100BC2240 /* Debug */,
				5A3593591F4C330100BC2240 /* Release */,
			);
			defaultConfigurationIsVisible = 0;
			defaultConfigurationName = Release;
		};
		5A35935A1F4C330100BC2240 /* Build configuration list for PBXNativeTarget "PokemonGo" */ = {
			isa = XCConfigurationList;
			buildConfigurations = (
				5A35935B1F4C330100BC2240 /* Debug */,
				5A35935C1F4C330100BC2240 /* Release */,
			);
			defaultConfigurationIsVisible = 0;
		};
		5A35935D1F4C330100BC2240 /* Build configuration list for PBXNativeTarget "PokemonGoTests" */ = {
			isa = XCConfigurationList;
			buildConfigurations = (
				5A35935E1F4C330100BC2240 /* Debug */,
				5A35935F1F4C330100BC2240 /* Release */,
			);
			defaultConfigurationIsVisible = 0;
		};
		5A3593601F4C330100BC2240 /* Build configuration list for PBXNativeTarget "PokemonGoUITests" */ = {
			isa = XCConfigurationList;
			buildConfigurations = (
				5A3593611F4C330100BC2240 /* Debug */,
				5A3593621F4C330100BC2240 /* Release */,
			);
			defaultConfigurationIsVisible = 0;
		};
/* End XCConfigurationList section */

/* Begin XCVersionGroup section */
		5A3593391F4C330000BC2240 /* PokemonGo.xcdatamodeld */ = {
			isa = XCVersionGroup;
			children = (
				5A35933A1F4C330000BC2240 /* PokemonGo.xcdatamodel */,
			);
			currentVersion = 5A35933A1F4C330000BC2240 /* PokemonGo.xcdatamodel */;
			path = PokemonGo.xcdatamodeld;
			sourceTree = "<group>";
			versionGroupType = wrapper.xcdatamodel;
		};
/* End XCVersionGroup section */
	};
	rootObject = 5A3593271F4C330000BC2240 /* Project object */;
}
